// !$*UTF8*$!
{
	archiveVersion = 1;
	classes = {
	};
	objectVersion = 50;
	objects = {

/* Begin PBXBuildFile section */
		276BB97524099B7500DFCED2 /* SettingsViewController.swift in Sources */ = {isa = PBXBuildFile; fileRef = 276BB97424099B7500DFCED2 /* SettingsViewController.swift */; };
		27AEEEA5245DB33300351EC1 /* Events.swift in Sources */ = {isa = PBXBuildFile; fileRef = 27AEEEA4245DB33300351EC1 /* Events.swift */; };
		27C3B2AE23BE986D00754F4D /* AppDelegate.swift in Sources */ = {isa = PBXBuildFile; fileRef = 27C3B2AD23BE986D00754F4D /* AppDelegate.swift */; };
		27C3B2B023BE986D00754F4D /* SceneDelegate.swift in Sources */ = {isa = PBXBuildFile; fileRef = 27C3B2AF23BE986D00754F4D /* SceneDelegate.swift */; };
		27C3B2B223BE986D00754F4D /* ViewController.swift in Sources */ = {isa = PBXBuildFile; fileRef = 27C3B2B123BE986D00754F4D /* ViewController.swift */; };
		27C3B2B523BE986D00754F4D /* Main.storyboard in Resources */ = {isa = PBXBuildFile; fileRef = 27C3B2B323BE986D00754F4D /* Main.storyboard */; };
		27C3B2B723BE987100754F4D /* Assets.xcassets in Resources */ = {isa = PBXBuildFile; fileRef = 27C3B2B623BE987100754F4D /* Assets.xcassets */; };
		27C3B2BA23BE987100754F4D /* LaunchScreen.storyboard in Resources */ = {isa = PBXBuildFile; fileRef = 27C3B2B823BE987100754F4D /* LaunchScreen.storyboard */; };
		27C3B2C523BE987100754F4D /* ModalExampleTests.swift in Sources */ = {isa = PBXBuildFile; fileRef = 27C3B2C423BE987100754F4D /* ModalExampleTests.swift */; };
		27C3B2D023BE987100754F4D /* ModalExampleUITests.swift in Sources */ = {isa = PBXBuildFile; fileRef = 27C3B2CF23BE987100754F4D /* ModalExampleUITests.swift */; };
		27D7337C2975F1FD0021C0F5 /* Iterate.framework in Frameworks */ = {isa = PBXBuildFile; fileRef = 27D7337B2975F1FD0021C0F5 /* Iterate.framework */; };
		27D7337D2975F1FD0021C0F5 /* Iterate.framework in Embed Frameworks */ = {isa = PBXBuildFile; fileRef = 27D7337B2975F1FD0021C0F5 /* Iterate.framework */; settings = {ATTRIBUTES = (CodeSignOnCopy, RemoveHeadersOnCopy, ); }; };
/* End PBXBuildFile section */

/* Begin PBXContainerItemProxy section */
		27C3B2C123BE987100754F4D /* PBXContainerItemProxy */ = {
			isa = PBXContainerItemProxy;
			containerPortal = 27C3B2A223BE986D00754F4D /* Project object */;
			proxyType = 1;
			remoteGlobalIDString = 27C3B2A923BE986D00754F4D;
			remoteInfo = ModalExample;
		};
		27C3B2CC23BE987100754F4D /* PBXContainerItemProxy */ = {
			isa = PBXContainerItemProxy;
			containerPortal = 27C3B2A223BE986D00754F4D /* Project object */;
			proxyType = 1;
			remoteGlobalIDString = 27C3B2A923BE986D00754F4D;
			remoteInfo = ModalExample;
		};
/* End PBXContainerItemProxy section */

/* Begin PBXCopyFilesBuildPhase section */
		27D7337E2975F1FD0021C0F5 /* Embed Frameworks */ = {
			isa = PBXCopyFilesBuildPhase;
			buildActionMask = 2147483647;
			dstPath = "";
			dstSubfolderSpec = 10;
			files = (
				27D7337D2975F1FD0021C0F5 /* Iterate.framework in Embed Frameworks */,
			);
			name = "Embed Frameworks";
			runOnlyForDeploymentPostprocessing = 0;
		};
/* End PBXCopyFilesBuildPhase section */

/* Begin PBXFileReference section */
		27313F0924CB675A00095EE0 /* IterateSDK.framework */ = {isa = PBXFileReference; explicitFileType = wrapper.framework; path = IterateSDK.framework; sourceTree = BUILT_PRODUCTS_DIR; };
		276BB96C240887E200DFCED2 /* Iterate.framework */ = {isa = PBXFileReference; explicitFileType = wrapper.framework; path = Iterate.framework; sourceTree = BUILT_PRODUCTS_DIR; };
		276BB971240997F600DFCED2 /* Iterate.framework */ = {isa = PBXFileReference; explicitFileType = wrapper.framework; path = Iterate.framework; sourceTree = BUILT_PRODUCTS_DIR; };
		276BB97424099B7500DFCED2 /* SettingsViewController.swift */ = {isa = PBXFileReference; lastKnownFileType = sourcecode.swift; path = SettingsViewController.swift; sourceTree = "<group>"; };
		27AEEEA4245DB33300351EC1 /* Events.swift */ = {isa = PBXFileReference; lastKnownFileType = sourcecode.swift; path = Events.swift; sourceTree = "<group>"; };
		27C3B2AA23BE986D00754F4D /* ModalExample.app */ = {isa = PBXFileReference; explicitFileType = wrapper.application; includeInIndex = 0; path = ModalExample.app; sourceTree = BUILT_PRODUCTS_DIR; };
		27C3B2AD23BE986D00754F4D /* AppDelegate.swift */ = {isa = PBXFileReference; lastKnownFileType = sourcecode.swift; path = AppDelegate.swift; sourceTree = "<group>"; };
		27C3B2AF23BE986D00754F4D /* SceneDelegate.swift */ = {isa = PBXFileReference; lastKnownFileType = sourcecode.swift; path = SceneDelegate.swift; sourceTree = "<group>"; };
		27C3B2B123BE986D00754F4D /* ViewController.swift */ = {isa = PBXFileReference; lastKnownFileType = sourcecode.swift; path = ViewController.swift; sourceTree = "<group>"; };
		27C3B2B423BE986D00754F4D /* Base */ = {isa = PBXFileReference; lastKnownFileType = file.storyboard; name = Base; path = Base.lproj/Main.storyboard; sourceTree = "<group>"; };
		27C3B2B623BE987100754F4D /* Assets.xcassets */ = {isa = PBXFileReference; lastKnownFileType = folder.assetcatalog; path = Assets.xcassets; sourceTree = "<group>"; };
		27C3B2B923BE987100754F4D /* Base */ = {isa = PBXFileReference; lastKnownFileType = file.storyboard; name = Base; path = Base.lproj/LaunchScreen.storyboard; sourceTree = "<group>"; };
		27C3B2BB23BE987100754F4D /* Info.plist */ = {isa = PBXFileReference; lastKnownFileType = text.plist.xml; path = Info.plist; sourceTree = "<group>"; };
		27C3B2C023BE987100754F4D /* ModalExampleTests.xctest */ = {isa = PBXFileReference; explicitFileType = wrapper.cfbundle; includeInIndex = 0; path = ModalExampleTests.xctest; sourceTree = BUILT_PRODUCTS_DIR; };
		27C3B2C423BE987100754F4D /* ModalExampleTests.swift */ = {isa = PBXFileReference; lastKnownFileType = sourcecode.swift; path = ModalExampleTests.swift; sourceTree = "<group>"; };
		27C3B2C623BE987100754F4D /* Info.plist */ = {isa = PBXFileReference; lastKnownFileType = text.plist.xml; path = Info.plist; sourceTree = "<group>"; };
		27C3B2CB23BE987100754F4D /* ModalExampleUITests.xctest */ = {isa = PBXFileReference; explicitFileType = wrapper.cfbundle; includeInIndex = 0; path = ModalExampleUITests.xctest; sourceTree = BUILT_PRODUCTS_DIR; };
		27C3B2CF23BE987100754F4D /* ModalExampleUITests.swift */ = {isa = PBXFileReference; lastKnownFileType = sourcecode.swift; path = ModalExampleUITests.swift; sourceTree = "<group>"; };
		27C3B2D123BE987100754F4D /* Info.plist */ = {isa = PBXFileReference; lastKnownFileType = text.plist.xml; path = Info.plist; sourceTree = "<group>"; };
		27D7337B2975F1FD0021C0F5 /* Iterate.framework */ = {isa = PBXFileReference; explicitFileType = wrapper.framework; path = Iterate.framework; sourceTree = BUILT_PRODUCTS_DIR; };
/* End PBXFileReference section */

/* Begin PBXFrameworksBuildPhase section */
		27C3B2A723BE986D00754F4D /* Frameworks */ = {
			isa = PBXFrameworksBuildPhase;
			buildActionMask = 2147483647;
			files = (
				27D7337C2975F1FD0021C0F5 /* Iterate.framework in Frameworks */,
			);
			runOnlyForDeploymentPostprocessing = 0;
		};
		27C3B2BD23BE987100754F4D /* Frameworks */ = {
			isa = PBXFrameworksBuildPhase;
			buildActionMask = 2147483647;
			files = (
			);
			runOnlyForDeploymentPostprocessing = 0;
		};
		27C3B2C823BE987100754F4D /* Frameworks */ = {
			isa = PBXFrameworksBuildPhase;
			buildActionMask = 2147483647;
			files = (
			);
			runOnlyForDeploymentPostprocessing = 0;
		};
/* End PBXFrameworksBuildPhase section */

/* Begin PBXGroup section */
		27C3B2A123BE986D00754F4D = {
			isa = PBXGroup;
			children = (
				27C3B2AC23BE986D00754F4D /* ModalExample */,
				27C3B2C323BE987100754F4D /* ModalExampleTests */,
				27C3B2CE23BE987100754F4D /* ModalExampleUITests */,
				27C3B2AB23BE986D00754F4D /* Products */,
				27C3B2E923BE9ABD00754F4D /* Frameworks */,
			);
			sourceTree = "<group>";
		};
		27C3B2AB23BE986D00754F4D /* Products */ = {
			isa = PBXGroup;
			children = (
				27C3B2AA23BE986D00754F4D /* ModalExample.app */,
				27C3B2C023BE987100754F4D /* ModalExampleTests.xctest */,
				27C3B2CB23BE987100754F4D /* ModalExampleUITests.xctest */,
			);
			name = Products;
			sourceTree = "<group>";
		};
		27C3B2AC23BE986D00754F4D /* ModalExample */ = {
			isa = PBXGroup;
			children = (
				27C3B2AD23BE986D00754F4D /* AppDelegate.swift */,
				27C3B2AF23BE986D00754F4D /* SceneDelegate.swift */,
				27C3B2B123BE986D00754F4D /* ViewController.swift */,
				27C3B2B323BE986D00754F4D /* Main.storyboard */,
				27C3B2B623BE987100754F4D /* Assets.xcassets */,
				27C3B2B823BE987100754F4D /* LaunchScreen.storyboard */,
				27C3B2BB23BE987100754F4D /* Info.plist */,
				276BB97424099B7500DFCED2 /* SettingsViewController.swift */,
				27AEEEA4245DB33300351EC1 /* Events.swift */,
			);
			path = ModalExample;
			sourceTree = "<group>";
		};
		27C3B2C323BE987100754F4D /* ModalExampleTests */ = {
			isa = PBXGroup;
			children = (
				27C3B2C423BE987100754F4D /* ModalExampleTests.swift */,
				27C3B2C623BE987100754F4D /* Info.plist */,
			);
			path = ModalExampleTests;
			sourceTree = "<group>";
		};
		27C3B2CE23BE987100754F4D /* ModalExampleUITests */ = {
			isa = PBXGroup;
			children = (
				27C3B2CF23BE987100754F4D /* ModalExampleUITests.swift */,
				27C3B2D123BE987100754F4D /* Info.plist */,
			);
			path = ModalExampleUITests;
			sourceTree = "<group>";
		};
		27C3B2E923BE9ABD00754F4D /* Frameworks */ = {
			isa = PBXGroup;
			children = (
				27D7337B2975F1FD0021C0F5 /* Iterate.framework */,
				27313F0924CB675A00095EE0 /* IterateSDK.framework */,
				276BB971240997F600DFCED2 /* Iterate.framework */,
				276BB96C240887E200DFCED2 /* Iterate.framework */,
			);
			name = Frameworks;
			sourceTree = "<group>";
		};
/* End PBXGroup section */

/* Begin PBXNativeTarget section */
		27C3B2A923BE986D00754F4D /* ModalExample */ = {
			isa = PBXNativeTarget;
			buildConfigurationList = 27C3B2D423BE987100754F4D /* Build configuration list for PBXNativeTarget "ModalExample" */;
			buildPhases = (
				27C3B2A623BE986D00754F4D /* Sources */,
				27C3B2A723BE986D00754F4D /* Frameworks */,
				27C3B2A823BE986D00754F4D /* Resources */,
				27D7337E2975F1FD0021C0F5 /* Embed Frameworks */,
			);
			buildRules = (
			);
			dependencies = (
			);
			name = ModalExample;
			productName = ModalExample;
			productReference = 27C3B2AA23BE986D00754F4D /* ModalExample.app */;
			productType = "com.apple.product-type.application";
		};
		27C3B2BF23BE987100754F4D /* ModalExampleTests */ = {
			isa = PBXNativeTarget;
			buildConfigurationList = 27C3B2D723BE987100754F4D /* Build configuration list for PBXNativeTarget "ModalExampleTests" */;
			buildPhases = (
				27C3B2BC23BE987100754F4D /* Sources */,
				27C3B2BD23BE987100754F4D /* Frameworks */,
				27C3B2BE23BE987100754F4D /* Resources */,
			);
			buildRules = (
			);
			dependencies = (
				27C3B2C223BE987100754F4D /* PBXTargetDependency */,
			);
			name = ModalExampleTests;
			productName = ModalExampleTests;
			productReference = 27C3B2C023BE987100754F4D /* ModalExampleTests.xctest */;
			productType = "com.apple.product-type.bundle.unit-test";
		};
		27C3B2CA23BE987100754F4D /* ModalExampleUITests */ = {
			isa = PBXNativeTarget;
			buildConfigurationList = 27C3B2DA23BE987100754F4D /* Build configuration list for PBXNativeTarget "ModalExampleUITests" */;
			buildPhases = (
				27C3B2C723BE987100754F4D /* Sources */,
				27C3B2C823BE987100754F4D /* Frameworks */,
				27C3B2C923BE987100754F4D /* Resources */,
			);
			buildRules = (
			);
			dependencies = (
				27C3B2CD23BE987100754F4D /* PBXTargetDependency */,
			);
			name = ModalExampleUITests;
			productName = ModalExampleUITests;
			productReference = 27C3B2CB23BE987100754F4D /* ModalExampleUITests.xctest */;
			productType = "com.apple.product-type.bundle.ui-testing";
		};
/* End PBXNativeTarget section */

/* Begin PBXProject section */
		27C3B2A223BE986D00754F4D /* Project object */ = {
			isa = PBXProject;
			attributes = {
				LastSwiftUpdateCheck = 1130;
				LastUpgradeCheck = 1220;
				ORGANIZATIONNAME = Iterate;
				TargetAttributes = {
					27C3B2A923BE986D00754F4D = {
						CreatedOnToolsVersion = 11.3;
					};
					27C3B2BF23BE987100754F4D = {
						CreatedOnToolsVersion = 11.3;
						TestTargetID = 27C3B2A923BE986D00754F4D;
					};
					27C3B2CA23BE987100754F4D = {
						CreatedOnToolsVersion = 11.3;
						TestTargetID = 27C3B2A923BE986D00754F4D;
					};
				};
			};
			buildConfigurationList = 27C3B2A523BE986D00754F4D /* Build configuration list for PBXProject "ModalExample" */;
			compatibilityVersion = "Xcode 9.3";
			developmentRegion = en;
			hasScannedForEncodings = 0;
			knownRegions = (
				en,
				Base,
			);
			mainGroup = 27C3B2A123BE986D00754F4D;
			productRefGroup = 27C3B2AB23BE986D00754F4D /* Products */;
			projectDirPath = "";
			projectRoot = "";
			targets = (
				27C3B2A923BE986D00754F4D /* ModalExample */,
				27C3B2BF23BE987100754F4D /* ModalExampleTests */,
				27C3B2CA23BE987100754F4D /* ModalExampleUITests */,
			);
		};
/* End PBXProject section */

/* Begin PBXResourcesBuildPhase section */
		27C3B2A823BE986D00754F4D /* Resources */ = {
			isa = PBXResourcesBuildPhase;
			buildActionMask = 2147483647;
			files = (
				27C3B2BA23BE987100754F4D /* LaunchScreen.storyboard in Resources */,
				27C3B2B723BE987100754F4D /* Assets.xcassets in Resources */,
				27C3B2B523BE986D00754F4D /* Main.storyboard in Resources */,
			);
			runOnlyForDeploymentPostprocessing = 0;
		};
		27C3B2BE23BE987100754F4D /* Resources */ = {
			isa = PBXResourcesBuildPhase;
			buildActionMask = 2147483647;
			files = (
			);
			runOnlyForDeploymentPostprocessing = 0;
		};
		27C3B2C923BE987100754F4D /* Resources */ = {
			isa = PBXResourcesBuildPhase;
			buildActionMask = 2147483647;
			files = (
			);
			runOnlyForDeploymentPostprocessing = 0;
		};
/* End PBXResourcesBuildPhase section */

/* Begin PBXSourcesBuildPhase section */
		27C3B2A623BE986D00754F4D /* Sources */ = {
			isa = PBXSourcesBuildPhase;
			buildActionMask = 2147483647;
			files = (
				27C3B2B223BE986D00754F4D /* ViewController.swift in Sources */,
				27C3B2AE23BE986D00754F4D /* AppDelegate.swift in Sources */,
				27C3B2B023BE986D00754F4D /* SceneDelegate.swift in Sources */,
				276BB97524099B7500DFCED2 /* SettingsViewController.swift in Sources */,
				27AEEEA5245DB33300351EC1 /* Events.swift in Sources */,
			);
			runOnlyForDeploymentPostprocessing = 0;
		};
		27C3B2BC23BE987100754F4D /* Sources */ = {
			isa = PBXSourcesBuildPhase;
			buildActionMask = 2147483647;
			files = (
				27C3B2C523BE987100754F4D /* ModalExampleTests.swift in Sources */,
			);
			runOnlyForDeploymentPostprocessing = 0;
		};
		27C3B2C723BE987100754F4D /* Sources */ = {
			isa = PBXSourcesBuildPhase;
			buildActionMask = 2147483647;
			files = (
				27C3B2D023BE987100754F4D /* ModalExampleUITests.swift in Sources */,
			);
			runOnlyForDeploymentPostprocessing = 0;
		};
/* End PBXSourcesBuildPhase section */

/* Begin PBXTargetDependency section */
		27C3B2C223BE987100754F4D /* PBXTargetDependency */ = {
			isa = PBXTargetDependency;
			target = 27C3B2A923BE986D00754F4D /* ModalExample */;
			targetProxy = 27C3B2C123BE987100754F4D /* PBXContainerItemProxy */;
		};
		27C3B2CD23BE987100754F4D /* PBXTargetDependency */ = {
			isa = PBXTargetDependency;
			target = 27C3B2A923BE986D00754F4D /* ModalExample */;
			targetProxy = 27C3B2CC23BE987100754F4D /* PBXContainerItemProxy */;
		};
/* End PBXTargetDependency section */

/* Begin PBXVariantGroup section */
		27C3B2B323BE986D00754F4D /* Main.storyboard */ = {
			isa = PBXVariantGroup;
			children = (
				27C3B2B423BE986D00754F4D /* Base */,
			);
			name = Main.storyboard;
			sourceTree = "<group>";
		};
		27C3B2B823BE987100754F4D /* LaunchScreen.storyboard */ = {
			isa = PBXVariantGroup;
			children = (
				27C3B2B923BE987100754F4D /* Base */,
			);
			name = LaunchScreen.storyboard;
			sourceTree = "<group>";
		};
/* End PBXVariantGroup section */

/* Begin XCBuildConfiguration section */
		27C3B2D223BE987100754F4D /* Debug */ = {
			isa = XCBuildConfiguration;
			buildSettings = {
				ALWAYS_SEARCH_USER_PATHS = NO;
				CLANG_ANALYZER_NONNULL = YES;
				CLANG_ANALYZER_NUMBER_OBJECT_CONVERSION = YES_AGGRESSIVE;
				CLANG_CXX_LANGUAGE_STANDARD = "gnu++14";
				CLANG_CXX_LIBRARY = "libc++";
				CLANG_ENABLE_MODULES = YES;
				CLANG_ENABLE_OBJC_ARC = YES;
				CLANG_ENABLE_OBJC_WEAK = YES;
				CLANG_WARN_BLOCK_CAPTURE_AUTORELEASING = YES;
				CLANG_WARN_BOOL_CONVERSION = YES;
				CLANG_WARN_COMMA = YES;
				CLANG_WARN_CONSTANT_CONVERSION = YES;
				CLANG_WARN_DEPRECATED_OBJC_IMPLEMENTATIONS = YES;
				CLANG_WARN_DIRECT_OBJC_ISA_USAGE = YES_ERROR;
				CLANG_WARN_DOCUMENTATION_COMMENTS = YES;
				CLANG_WARN_EMPTY_BODY = YES;
				CLANG_WARN_ENUM_CONVERSION = YES;
				CLANG_WARN_INFINITE_RECURSION = YES;
				CLANG_WARN_INT_CONVERSION = YES;
				CLANG_WARN_NON_LITERAL_NULL_CONVERSION = YES;
				CLANG_WARN_OBJC_IMPLICIT_RETAIN_SELF = YES;
				CLANG_WARN_OBJC_LITERAL_CONVERSION = YES;
				CLANG_WARN_OBJC_ROOT_CLASS = YES_ERROR;
				CLANG_WARN_QUOTED_INCLUDE_IN_FRAMEWORK_HEADER = YES;
				CLANG_WARN_RANGE_LOOP_ANALYSIS = YES;
				CLANG_WARN_STRICT_PROTOTYPES = YES;
				CLANG_WARN_SUSPICIOUS_MOVE = YES;
				CLANG_WARN_UNGUARDED_AVAILABILITY = YES_AGGRESSIVE;
				CLANG_WARN_UNREACHABLE_CODE = YES;
				CLANG_WARN__DUPLICATE_METHOD_MATCH = YES;
				COPY_PHASE_STRIP = NO;
				DEBUG_INFORMATION_FORMAT = dwarf;
				ENABLE_STRICT_OBJC_MSGSEND = YES;
				ENABLE_TESTABILITY = YES;
				GCC_C_LANGUAGE_STANDARD = gnu11;
				GCC_DYNAMIC_NO_PIC = NO;
				GCC_NO_COMMON_BLOCKS = YES;
				GCC_OPTIMIZATION_LEVEL = 0;
				GCC_PREPROCESSOR_DEFINITIONS = (
					"DEBUG=1",
					"$(inherited)",
				);
				GCC_WARN_64_TO_32_BIT_CONVERSION = YES;
				GCC_WARN_ABOUT_RETURN_TYPE = YES_ERROR;
				GCC_WARN_UNDECLARED_SELECTOR = YES;
				GCC_WARN_UNINITIALIZED_AUTOS = YES_AGGRESSIVE;
				GCC_WARN_UNUSED_FUNCTION = YES;
				GCC_WARN_UNUSED_VARIABLE = YES;
				IPHONEOS_DEPLOYMENT_TARGET = 12.0;
				MTL_ENABLE_DEBUG_INFO = INCLUDE_SOURCE;
				MTL_FAST_MATH = YES;
				ONLY_ACTIVE_ARCH = YES;
				SDKROOT = iphoneos;
				SWIFT_ACTIVE_COMPILATION_CONDITIONS = DEBUG;
				SWIFT_OPTIMIZATION_LEVEL = "-Onone";
			};
			name = Debug;
		};
		27C3B2D323BE987100754F4D /* Release */ = {
			isa = XCBuildConfiguration;
			buildSettings = {
				ALWAYS_SEARCH_USER_PATHS = NO;
				CLANG_ANALYZER_NONNULL = YES;
				CLANG_ANALYZER_NUMBER_OBJECT_CONVERSION = YES_AGGRESSIVE;
				CLANG_CXX_LANGUAGE_STANDARD = "gnu++14";
				CLANG_CXX_LIBRARY = "libc++";
				CLANG_ENABLE_MODULES = YES;
				CLANG_ENABLE_OBJC_ARC = YES;
				CLANG_ENABLE_OBJC_WEAK = YES;
				CLANG_WARN_BLOCK_CAPTURE_AUTORELEASING = YES;
				CLANG_WARN_BOOL_CONVERSION = YES;
				CLANG_WARN_COMMA = YES;
				CLANG_WARN_CONSTANT_CONVERSION = YES;
				CLANG_WARN_DEPRECATED_OBJC_IMPLEMENTATIONS = YES;
				CLANG_WARN_DIRECT_OBJC_ISA_USAGE = YES_ERROR;
				CLANG_WARN_DOCUMENTATION_COMMENTS = YES;
				CLANG_WARN_EMPTY_BODY = YES;
				CLANG_WARN_ENUM_CONVERSION = YES;
				CLANG_WARN_INFINITE_RECURSION = YES;
				CLANG_WARN_INT_CONVERSION = YES;
				CLANG_WARN_NON_LITERAL_NULL_CONVERSION = YES;
				CLANG_WARN_OBJC_IMPLICIT_RETAIN_SELF = YES;
				CLANG_WARN_OBJC_LITERAL_CONVERSION = YES;
				CLANG_WARN_OBJC_ROOT_CLASS = YES_ERROR;
				CLANG_WARN_QUOTED_INCLUDE_IN_FRAMEWORK_HEADER = YES;
				CLANG_WARN_RANGE_LOOP_ANALYSIS = YES;
				CLANG_WARN_STRICT_PROTOTYPES = YES;
				CLANG_WARN_SUSPICIOUS_MOVE = YES;
				CLANG_WARN_UNGUARDED_AVAILABILITY = YES_AGGRESSIVE;
				CLANG_WARN_UNREACHABLE_CODE = YES;
				CLANG_WARN__DUPLICATE_METHOD_MATCH = YES;
				COPY_PHASE_STRIP = NO;
				DEBUG_INFORMATION_FORMAT = "dwarf-with-dsym";
				ENABLE_NS_ASSERTIONS = NO;
				ENABLE_STRICT_OBJC_MSGSEND = YES;
				GCC_C_LANGUAGE_STANDARD = gnu11;
				GCC_NO_COMMON_BLOCKS = YES;
				GCC_WARN_64_TO_32_BIT_CONVERSION = YES;
				GCC_WARN_ABOUT_RETURN_TYPE = YES_ERROR;
				GCC_WARN_UNDECLARED_SELECTOR = YES;
				GCC_WARN_UNINITIALIZED_AUTOS = YES_AGGRESSIVE;
				GCC_WARN_UNUSED_FUNCTION = YES;
				GCC_WARN_UNUSED_VARIABLE = YES;
				IPHONEOS_DEPLOYMENT_TARGET = 12.0;
				MTL_ENABLE_DEBUG_INFO = NO;
				MTL_FAST_MATH = YES;
				SDKROOT = iphoneos;
				SWIFT_COMPILATION_MODE = wholemodule;
				SWIFT_OPTIMIZATION_LEVEL = "-O";
				VALIDATE_PRODUCT = YES;
			};
			name = Release;
		};
		27C3B2D523BE987100754F4D /* Debug */ = {
			isa = XCBuildConfiguration;
			buildSettings = {
				ASSETCATALOG_COMPILER_APPICON_NAME = AppIcon;
				CODE_SIGN_STYLE = Automatic;
				INFOPLIST_FILE = ModalExample/Info.plist;
				IPHONEOS_DEPLOYMENT_TARGET = 12.0;
				LD_RUNPATH_SEARCH_PATHS = (
					"$(inherited)",
					"@executable_path/Frameworks",
				);
				PRODUCT_BUNDLE_IDENTIFIER = com.iteratehq.ModalExample;
				PRODUCT_NAME = "$(TARGET_NAME)";
				SWIFT_VERSION = 5.0;
				TARGETED_DEVICE_FAMILY = "1,2";
			};
			name = Debug;
		};
		27C3B2D623BE987100754F4D /* Release */ = {
			isa = XCBuildConfiguration;
			buildSettings = {
				ASSETCATALOG_COMPILER_APPICON_NAME = AppIcon;
				CODE_SIGN_STYLE = Automatic;
				INFOPLIST_FILE = ModalExample/Info.plist;
				IPHONEOS_DEPLOYMENT_TARGET = 12.0;
				LD_RUNPATH_SEARCH_PATHS = (
					"$(inherited)",
					"@executable_path/Frameworks",
				);
				PRODUCT_BUNDLE_IDENTIFIER = com.iteratehq.ModalExample;
				PRODUCT_NAME = "$(TARGET_NAME)";
				SWIFT_VERSION = 5.0;
				TARGETED_DEVICE_FAMILY = "1,2";
			};
			name = Release;
		};
		27C3B2D823BE987100754F4D /* Debug */ = {
			isa = XCBuildConfiguration;
			buildSettings = {
				ALWAYS_EMBED_SWIFT_STANDARD_LIBRARIES = YES;
				BUNDLE_LOADER = "$(TEST_HOST)";
				CODE_SIGN_STYLE = Automatic;
				INFOPLIST_FILE = ModalExampleTests/Info.plist;
				IPHONEOS_DEPLOYMENT_TARGET = 13.2;
				LD_RUNPATH_SEARCH_PATHS = (
					"$(inherited)",
					"@executable_path/Frameworks",
					"@loader_path/Frameworks",
				);
				PRODUCT_BUNDLE_IDENTIFIER = com.iteratehq.ModalExampleTests;
				PRODUCT_NAME = "$(TARGET_NAME)";
				SWIFT_VERSION = 5.0;
				TARGETED_DEVICE_FAMILY = "1,2";
				TEST_HOST = "$(BUILT_PRODUCTS_DIR)/ModalExample.app/ModalExample";
			};
			name = Debug;
		};
		27C3B2D923BE987100754F4D /* Release */ = {
			isa = XCBuildConfiguration;
			buildSettings = {
				ALWAYS_EMBED_SWIFT_STANDARD_LIBRARIES = YES;
				BUNDLE_LOADER = "$(TEST_HOST)";
				CODE_SIGN_STYLE = Automatic;
				INFOPLIST_FILE = ModalExampleTests/Info.plist;
				IPHONEOS_DEPLOYMENT_TARGET = 13.2;
				LD_RUNPATH_SEARCH_PATHS = (
					"$(inherited)",
					"@executable_path/Frameworks",
					"@loader_path/Frameworks",
				);
				PRODUCT_BUNDLE_IDENTIFIER = com.iteratehq.ModalExampleTests;
				PRODUCT_NAME = "$(TARGET_NAME)";
				SWIFT_VERSION = 5.0;
				TARGETED_DEVICE_FAMILY = "1,2";
				TEST_HOST = "$(BUILT_PRODUCTS_DIR)/ModalExample.app/ModalExample";
			};
			name = Release;
		};
		27C3B2DB23BE987100754F4D /* Debug */ = {
			isa = XCBuildConfiguration;
			buildSettings = {
				ALWAYS_EMBED_SWIFT_STANDARD_LIBRARIES = YES;
				CODE_SIGN_STYLE = Automatic;
				INFOPLIST_FILE = ModalExampleUITests/Info.plist;
				LD_RUNPATH_SEARCH_PATHS = (
					"$(inherited)",
					"@executable_path/Frameworks",
					"@loader_path/Frameworks",
				);
				PRODUCT_BUNDLE_IDENTIFIER = com.iteratehq.ModalExampleUITests;
				PRODUCT_NAME = "$(TARGET_NAME)";
				SWIFT_VERSION = 5.0;
				TARGETED_DEVICE_FAMILY = "1,2";
				TEST_TARGET_NAME = ModalExample;
			};
			name = Debug;
		};
		27C3B2DC23BE987100754F4D /* Release */ = {
			isa = XCBuildConfiguration;
			buildSettings = {
				ALWAYS_EMBED_SWIFT_STANDARD_LIBRARIES = YES;
				CODE_SIGN_STYLE = Automatic;
				INFOPLIST_FILE = ModalExampleUITests/Info.plist;
				LD_RUNPATH_SEARCH_PATHS = (
					"$(inherited)",
					"@executable_path/Frameworks",
					"@loader_path/Frameworks",
				);
				PRODUCT_BUNDLE_IDENTIFIER = com.iteratehq.ModalExampleUITests;
				PRODUCT_NAME = "$(TARGET_NAME)";
				SWIFT_VERSION = 5.0;
				TARGETED_DEVICE_FAMILY = "1,2";
				TEST_TARGET_NAME = ModalExample;
			};
			name = Release;
		};
/* End XCBuildConfiguration section */

/* Begin XCConfigurationList section */
		27C3B2A523BE986D00754F4D /* Build configuration list for PBXProject "ModalExample" */ = {
			isa = XCConfigurationList;
			buildConfigurations = (
				27C3B2D223BE987100754F4D /* Debug */,
				27C3B2D323BE987100754F4D /* Release */,
			);
			defaultConfigurationIsVisible = 0;
			defaultConfigurationName = Debug;
		};
		27C3B2D423BE987100754F4D /* Build configuration list for PBXNativeTarget "ModalExample" */ = {
			isa = XCConfigurationList;
			buildConfigurations = (
				27C3B2D523BE987100754F4D /* Debug */,
				27C3B2D623BE987100754F4D /* Release */,
			);
			defaultConfigurationIsVisible = 0;
			defaultConfigurationName = Debug;
		};
		27C3B2D723BE987100754F4D /* Build configuration list for PBXNativeTarget "ModalExampleTests" */ = {
			isa = XCConfigurationList;
			buildConfigurations = (
				27C3B2D823BE987100754F4D /* Debug */,
				27C3B2D923BE987100754F4D /* Release */,
			);
			defaultConfigurationIsVisible = 0;
			defaultConfigurationName = Debug;
		};
		27C3B2DA23BE987100754F4D /* Build configuration list for PBXNativeTarget "ModalExampleUITests" */ = {
			isa = XCConfigurationList;
			buildConfigurations = (
				27C3B2DB23BE987100754F4D /* Debug */,
				27C3B2DC23BE987100754F4D /* Release */,
			);
			defaultConfigurationIsVisible = 0;
			defaultConfigurationName = Debug;
		};
/* End XCConfigurationList section */
	};
	rootObject = 27C3B2A223BE986D00754F4D /* Project object */;
}
